
Microsoft Visual Studio Solution File, Format Version 12.00
# Visual Studio Version 16
VisualStudioVersion = 16.0.28803.156
MinimumVisualStudioVersion = 10.0.40219.1
Project("{9A19103F-16F7-4668-BE54-9A1E7A4F7556}") = "GeneralPurposeLibrary", "GeneralPurposeLibrary\GeneralPurposeLibrary.csproj", "{44167452-6A3B-4556-AFBF-83E73E194F7D}"
EndProject
Project("{FAE04EC0-301F-11D3-BF4B-00C04F79EFBC}") = "GeneralPurposeLibraryTest", "GeneralPurposeLibraryTest\GeneralPurposeLibraryTest.csproj", "{4FF44030-3081-4536-949C-321099C5321F}"
EndProject
Global
	GlobalSection(SolutionConfigurationPlatforms) = preSolution
		Debug|Any CPU = Debug|Any CPU
		Release|Any CPU = Release|Any CPU
	EndGlobalSection
	GlobalSection(ProjectConfigurationPlatforms) = postSolution
		{44167452-6A3B-4556-AFBF-83E73E194F7D}.Debug|Any CPU.ActiveCfg = Debug|Any CPU
		{44167452-6A3B-4556-AFBF-83E73E194F7D}.Debug|Any CPU.Build.0 = Debug|Any CPU
		{44167452-6A3B-4556-AFBF-83E73E194F7D}.Release|Any CPU.ActiveCfg = Release|Any CPU
		{44167452-6A3B-4556-AFBF-83E73E194F7D}.Release|Any CPU.Build.0 = Release|Any CPU
		{4FF44030-3081-4536-949C-321099C5321F}.Debug|Any CPU.ActiveCfg = Debug|Any CPU
		{4FF44030-3081-4536-949C-321099C5321F}.Debug|Any CPU.Build.0 = Debug|Any CPU
		{4FF44030-3081-4536-949C-321099C5321F}.Release|Any CPU.ActiveCfg = Release|Any CPU
		{4FF44030-3081-4536-949C-321099C5321F}.Release|Any CPU.Build.0 = Release|Any CPU
	EndGlobalSection
	GlobalSection(SolutionProperties) = preSolution
		HideSolutionNode = FALSE
	EndGlobalSection
	GlobalSection(ExtensibilityGlobals) = postSolution
		SolutionGuid = {AF57065F-11FD-4EBD-8F03-5B24181B7D13}
	EndGlobalSection
EndGlobal
